
Microsoft Visual Studio Solution File, Format Version 12.00
# Visual Studio Version 16
VisualStudioVersion = 16.0.29709.97
MinimumVisualStudioVersion = 10.0.40219.1
Project("{9A19103F-16F7-4668-BE54-9A1E7A4F7556}") = "DddSamples", "DddSamples\DddSamples.csproj", "{53141F84-D71D-47A8-959D-00FB962BDEA3}"
EndProject
Project("{FAE04EC0-301F-11D3-BF4B-00C04F79EFBC}") = "ValueObjectConversion", "ValueObjectConversion\ValueObjectConversion.csproj", "{77126248-A842-47E2-9768-555B514BFA3F}"
EndProject
Global
	GlobalSection(SolutionConfigurationPlatforms) = preSolution
		Debug|Any CPU = Debug|Any CPU
		Release|Any CPU = Release|Any CPU
	EndGlobalSection
	GlobalSection(ProjectConfigurationPlatforms) = postSolution
		{53141F84-D71D-47A8-959D-00FB962BDEA3}.Debug|Any CPU.ActiveCfg = Debug|Any CPU
		{53141F84-D71D-47A8-959D-00FB962BDEA3}.Debug|Any CPU.Build.0 = Debug|Any CPU
		{53141F84-D71D-47A8-959D-00FB962BDEA3}.Release|Any CPU.ActiveCfg = Release|Any CPU
		{53141F84-D71D-47A8-959D-00FB962BDEA3}.Release|Any CPU.Build.0 = Release|Any CPU
		{77126248-A842-47E2-9768-555B514BFA3F}.Debug|Any CPU.ActiveCfg = Debug|Any CPU
		{77126248-A842-47E2-9768-555B514BFA3F}.Debug|Any CPU.Build.0 = Debug|Any CPU
		{77126248-A842-47E2-9768-555B514BFA3F}.Release|Any CPU.ActiveCfg = Release|Any CPU
		{77126248-A842-47E2-9768-555B514BFA3F}.Release|Any CPU.Build.0 = Release|Any CPU
	EndGlobalSection
	GlobalSection(SolutionProperties) = preSolution
		HideSolutionNode = FALSE
	EndGlobalSection
	GlobalSection(ExtensibilityGlobals) = postSolution
		SolutionGuid = {4F72464A-1F28-47B6-B130-8B18CB6FDF22}
	EndGlobalSection
EndGlobal
